
Microsoft Visual Studio Solution File, Format Version 12.00
# Visual Studio Version 16
VisualStudioVersion = 16.0.29924.181
MinimumVisualStudioVersion = 10.0.40219.1
Project("{FAE04EC0-301F-11D3-BF4B-00C04F79EFBC}") = "IdentityServerClient", "IdentityServerClient.csproj", "{AC105C8E-E53E-4429-B325-A91155F07BDA}"
EndProject
Global
	GlobalSection(SolutionConfigurationPlatforms) = preSolution
		Debug|Any CPU = Debug|Any CPU
		Release|Any CPU = Release|Any CPU
	EndGlobalSection
	GlobalSection(ProjectConfigurationPlatforms) = postSolution
		{AC105C8E-E53E-4429-B325-A91155F07BDA}.Debug|Any CPU.ActiveCfg = Debug|Any CPU
		{AC105C8E-E53E-4429-B325-A91155F07BDA}.Debug|Any CPU.Build.0 = Debug|Any CPU
		{AC105C8E-E53E-4429-B325-A91155F07BDA}.Release|Any CPU.ActiveCfg = Release|Any CPU
		{AC105C8E-E53E-4429-B325-A91155F07BDA}.Release|Any CPU.Build.0 = Release|Any CPU
	EndGlobalSection
	GlobalSection(SolutionProperties) = preSolution
		HideSolutionNode = FALSE
	EndGlobalSection
	GlobalSection(ExtensibilityGlobals) = postSolution
		SolutionGuid = {C2DF4D3C-3F73-444D-93F1-451BFA087066}
	EndGlobalSection
EndGlobal
